
Microsoft Visual Studio Solution File, Format Version 12.00
# Visual Studio Version 17
VisualStudioVersion = 17.4.33205.214
MinimumVisualStudioVersion = 10.0.40219.1
Project("{FAE04EC0-301F-11D3-BF4B-00C04F79EFBC}") = "Sanitizer", "Sanitizer\Sanitizer.csproj", "{96BD450F-3596-4CDA-A1A7-2E305D2932DE}"
EndProject
Global
	GlobalSection(SolutionConfigurationPlatforms) = preSolution
		Debug|Any CPU = Debug|Any CPU
		Release|Any CPU = Release|Any CPU
	EndGlobalSection
	GlobalSection(ProjectConfigurationPlatforms) = postSolution
		{96BD450F-3596-4CDA-A1A7-2E305D2932DE}.Debug|Any CPU.ActiveCfg = Debug|Any CPU
		{96BD450F-3596-4CDA-A1A7-2E305D2932DE}.Debug|Any CPU.Build.0 = Debug|Any CPU
		{96BD450F-3596-4CDA-A1A7-2E305D2932DE}.Release|Any CPU.ActiveCfg = Release|Any CPU
		{96BD450F-3596-4CDA-A1A7-2E305D2932DE}.Release|Any CPU.Build.0 = Release|Any CPU
	EndGlobalSection
	GlobalSection(SolutionProperties) = preSolution
		HideSolutionNode = FALSE
	EndGlobalSection
	GlobalSection(ExtensibilityGlobals) = postSolution
		SolutionGuid = {2762C530-46FA-4B53-8229-BDEF0AC45EC4}
	EndGlobalSection
EndGlobal
